
Microsoft Visual Studio Solution File, Format Version 12.00
# Visual Studio Version 17
VisualStudioVersion = 17.7.34202.233
MinimumVisualStudioVersion = 10.0.40219.1
Project("{8BC9CEB8-8B4A-11D0-8D11-00A0C91BC942}") = "引用", "引用.vcxproj", "{1FF5E181-8715-445C-AABF-0686C4EB4E6B}"
EndProject
Global
	GlobalSection(SolutionConfigurationPlatforms) = preSolution
		Debug|x64 = Debug|x64
		Debug|x86 = Debug|x86
		Release|x64 = Release|x64
		Release|x86 = Release|x86
	EndGlobalSection
	GlobalSection(ProjectConfigurationPlatforms) = postSolution
		{1FF5E181-8715-445C-AABF-0686C4EB4E6B}.Debug|x64.ActiveCfg = Debug|x64
		{1FF5E181-8715-445C-AABF-0686C4EB4E6B}.Debug|x64.Build.0 = Debug|x64
		{1FF5E181-8715-445C-AABF-0686C4EB4E6B}.Debug|x86.ActiveCfg = Debug|Win32
		{1FF5E181-8715-445C-AABF-0686C4EB4E6B}.Debug|x86.Build.0 = Debug|Win32
		{1FF5E181-8715-445C-AABF-0686C4EB4E6B}.Release|x64.ActiveCfg = Release|x64
		{1FF5E181-8715-445C-AABF-0686C4EB4E6B}.Release|x64.Build.0 = Release|x64
		{1FF5E181-8715-445C-AABF-0686C4EB4E6B}.Release|x86.ActiveCfg = Release|Win32
		{1FF5E181-8715-445C-AABF-0686C4EB4E6B}.Release|x86.Build.0 = Release|Win32
	EndGlobalSection
	GlobalSection(SolutionProperties) = preSolution
		HideSolutionNode = FALSE
	EndGlobalSection
	GlobalSection(ExtensibilityGlobals) = postSolution
		SolutionGuid = {5D51DBAF-FE84-4565-8843-6F4571A605B6}
	EndGlobalSection
EndGlobal
